
Microsoft Visual Studio Solution File, Format Version 12.00
# Visual Studio 15
VisualStudioVersion = 15.0.27703.2042
MinimumVisualStudioVersion = 10.0.40219.1
Project("{FAE04EC0-301F-11D3-BF4B-00C04F79EFBC}") = "Storage", "Storage\Storage.csproj", "{7B17105D-58F1-46D5-B738-A779D7537155}"
EndProject
Project("{FAE04EC0-301F-11D3-BF4B-00C04F79EFBC}") = "Storage.Models", "Storage.Models\Storage.Models.csproj", "{348602D1-90E9-4BCF-80EA-97394917EC66}"
EndProject
Global
	GlobalSection(SolutionConfigurationPlatforms) = preSolution
		Debug|Any CPU = Debug|Any CPU
		Release|Any CPU = Release|Any CPU
	EndGlobalSection
	GlobalSection(ProjectConfigurationPlatforms) = postSolution
		{7B17105D-58F1-46D5-B738-A779D7537155}.Debug|Any CPU.ActiveCfg = Debug|Any CPU
		{7B17105D-58F1-46D5-B738-A779D7537155}.Debug|Any CPU.Build.0 = Debug|Any CPU
		{7B17105D-58F1-46D5-B738-A779D7537155}.Release|Any CPU.ActiveCfg = Release|Any CPU
		{7B17105D-58F1-46D5-B738-A779D7537155}.Release|Any CPU.Build.0 = Release|Any CPU
		{348602D1-90E9-4BCF-80EA-97394917EC66}.Debug|Any CPU.ActiveCfg = Debug|Any CPU
		{348602D1-90E9-4BCF-80EA-97394917EC66}.Debug|Any CPU.Build.0 = Debug|Any CPU
		{348602D1-90E9-4BCF-80EA-97394917EC66}.Release|Any CPU.ActiveCfg = Release|Any CPU
		{348602D1-90E9-4BCF-80EA-97394917EC66}.Release|Any CPU.Build.0 = Release|Any CPU
	EndGlobalSection
	GlobalSection(SolutionProperties) = preSolution
		HideSolutionNode = FALSE
	EndGlobalSection
	GlobalSection(ExtensibilityGlobals) = postSolution
		SolutionGuid = {26A11A33-E92A-4CB4-A040-FA71D820C29C}
	EndGlobalSection
EndGlobal
